// !$*UTF8*$!
{
	archiveVersion = 1;
	classes = {
	};
	objectVersion = 46;
	objects = {

/* Begin PBXBuildFile section */
		E01C3F811CD4F27E00937FD7 /* AppDelegate.swift in Sources */ = {isa = PBXBuildFile; fileRef = E01C3F801CD4F27E00937FD7 /* AppDelegate.swift */; };
		E01C3F831CD4F27E00937FD7 /* RecordSoundViewController.swift in Sources */ = {isa = PBXBuildFile; fileRef = E01C3F821CD4F27E00937FD7 /* RecordSoundViewController.swift */; };
		E01C3F861CD4F27E00937FD7 /* Main.storyboard in Resources */ = {isa = PBXBuildFile; fileRef = E01C3F841CD4F27E00937FD7 /* Main.storyboard */; };
		E01C3F881CD4F27E00937FD7 /* Assets.xcassets in Resources */ = {isa = PBXBuildFile; fileRef = E01C3F871CD4F27E00937FD7 /* Assets.xcassets */; };
		E01C3F8B1CD4F27E00937FD7 /* LaunchScreen.storyboard in Resources */ = {isa = PBXBuildFile; fileRef = E01C3F891CD4F27E00937FD7 /* LaunchScreen.storyboard */; };
		E01C3F931CD531D000937FD7 /* PlaySoundsViewController.swift in Sources */ = {isa = PBXBuildFile; fileRef = E01C3F921CD531D000937FD7 /* PlaySoundsViewController.swift */; };
		E01FA5131CDF5C6F00F58E28 /* SketchRockwell-Bold.ttf in Resources */ = {isa = PBXBuildFile; fileRef = E01FA5121CDF5C6F00F58E28 /* SketchRockwell-Bold.ttf */; };
		E0AF147A1D02FCBB00B742C7 /* UtilOthers.swift in Sources */ = {isa = PBXBuildFile; fileRef = E0AF14791D02FCBB00B742C7 /* UtilOthers.swift */; };
		E0AF147C1D02FCDC00B742C7 /* UtilAlerts.swift in Sources */ = {isa = PBXBuildFile; fileRef = E0AF147B1D02FCDC00B742C7 /* UtilAlerts.swift */; };
		E0AF147E1D02FD0900B742C7 /* AudioPlayer.swift in Sources */ = {isa = PBXBuildFile; fileRef = E0AF147D1D02FD0900B742C7 /* AudioPlayer.swift */; };
		E0AF14801D02FD3100B742C7 /* AudioRecorder.swift in Sources */ = {isa = PBXBuildFile; fileRef = E0AF147F1D02FD3100B742C7 /* AudioRecorder.swift */; };
		E0AF14821D03139700B742C7 /* TimerForRecordSoundVC.swift in Sources */ = {isa = PBXBuildFile; fileRef = E0AF14811D03139700B742C7 /* TimerForRecordSoundVC.swift */; };
/* End PBXBuildFile section */

/* Begin PBXFileReference section */
		E01C3F7D1CD4F27E00937FD7 /* pitch-perfect.app */ = {isa = PBXFileReference; explicitFileType = wrapper.application; includeInIndex = 0; path = "pitch-perfect.app"; sourceTree = BUILT_PRODUCTS_DIR; };
		E01C3F801CD4F27E00937FD7 /* AppDelegate.swift */ = {isa = PBXFileReference; lastKnownFileType = sourcecode.swift; path = AppDelegate.swift; sourceTree = "<group>"; };
		E01C3F821CD4F27E00937FD7 /* RecordSoundViewController.swift */ = {isa = PBXFileReference; lastKnownFileType = sourcecode.swift; path = RecordSoundViewController.swift; sourceTree = "<group>"; };
		E01C3F851CD4F27E00937FD7 /* Base */ = {isa = PBXFileReference; lastKnownFileType = file.storyboard; name = Base; path = Base.lproj/Main.storyboard; sourceTree = "<group>"; };
		E01C3F871CD4F27E00937FD7 /* Assets.xcassets */ = {isa = PBXFileReference; lastKnownFileType = folder.assetcatalog; path = Assets.xcassets; sourceTree = "<group>"; };
		E01C3F8A1CD4F27E00937FD7 /* Base */ = {isa = PBXFileReference; lastKnownFileType = file.storyboard; name = Base; path = Base.lproj/LaunchScreen.storyboard; sourceTree = "<group>"; };
		E01C3F8C1CD4F27E00937FD7 /* Info.plist */ = {isa = PBXFileReference; lastKnownFileType = text.plist.xml; path = Info.plist; sourceTree = "<group>"; };
		E01C3F921CD531D000937FD7 /* PlaySoundsViewController.swift */ = {isa = PBXFileReference; fileEncoding = 4; lastKnownFileType = sourcecode.swift; path = PlaySoundsViewController.swift; sourceTree = "<group>"; };
		E01FA5121CDF5C6F00F58E28 /* SketchRockwell-Bold.ttf */ = {isa = PBXFileReference; lastKnownFileType = file; path = "SketchRockwell-Bold.ttf"; sourceTree = "<group>"; };
		E0AF14791D02FCBB00B742C7 /* UtilOthers.swift */ = {isa = PBXFileReference; fileEncoding = 4; lastKnownFileType = sourcecode.swift; path = UtilOthers.swift; sourceTree = "<group>"; };
		E0AF147B1D02FCDC00B742C7 /* UtilAlerts.swift */ = {isa = PBXFileReference; fileEncoding = 4; lastKnownFileType = sourcecode.swift; path = UtilAlerts.swift; sourceTree = "<group>"; };
		E0AF147D1D02FD0900B742C7 /* AudioPlayer.swift */ = {isa = PBXFileReference; fileEncoding = 4; lastKnownFileType = sourcecode.swift; path = AudioPlayer.swift; sourceTree = "<group>"; };
		E0AF147F1D02FD3100B742C7 /* AudioRecorder.swift */ = {isa = PBXFileReference; fileEncoding = 4; lastKnownFileType = sourcecode.swift; path = AudioRecorder.swift; sourceTree = "<group>"; };
		E0AF14811D03139700B742C7 /* TimerForRecordSoundVC.swift */ = {isa = PBXFileReference; fileEncoding = 4; lastKnownFileType = sourcecode.swift; path = TimerForRecordSoundVC.swift; sourceTree = "<group>"; };
/* End PBXFileReference section */

/* Begin PBXFrameworksBuildPhase section */
		E01C3F7A1CD4F27E00937FD7 /* Frameworks */ = {
			isa = PBXFrameworksBuildPhase;
			buildActionMask = 2147483647;
			files = (
			);
			runOnlyForDeploymentPostprocessing = 0;
		};
/* End PBXFrameworksBuildPhase section */

/* Begin PBXGroup section */
		E01C3F741CD4F27D00937FD7 = {
			isa = PBXGroup;
			children = (
				E01C3F7F1CD4F27E00937FD7 /* pitch-perfect */,
				E01C3F7E1CD4F27E00937FD7 /* Products */,
			);
			sourceTree = "<group>";
		};
		E01C3F7E1CD4F27E00937FD7 /* Products */ = {
			isa = PBXGroup;
			children = (
				E01C3F7D1CD4F27E00937FD7 /* pitch-perfect.app */,
			);
			name = Products;
			sourceTree = "<group>";
		};
		E01C3F7F1CD4F27E00937FD7 /* pitch-perfect */ = {
			isa = PBXGroup;
			children = (
				E0AF14751D02FC8200B742C7 /* Utils */,
				E0AF14761D02FC9200B742C7 /* Model */,
				E0AF14771D02FC9700B742C7 /* View */,
				E0AF14781D02FC9A00B742C7 /* Controller */,
				E01C3F801CD4F27E00937FD7 /* AppDelegate.swift */,
				E01C3F871CD4F27E00937FD7 /* Assets.xcassets */,
				E01C3F8C1CD4F27E00937FD7 /* Info.plist */,
				E01FA5121CDF5C6F00F58E28 /* SketchRockwell-Bold.ttf */,
			);
			path = "pitch-perfect";
			sourceTree = "<group>";
		};
		E0AF14751D02FC8200B742C7 /* Utils */ = {
			isa = PBXGroup;
			children = (
				E0AF14791D02FCBB00B742C7 /* UtilOthers.swift */,
				E0AF147B1D02FCDC00B742C7 /* UtilAlerts.swift */,
			);
			name = Utils;
			sourceTree = "<group>";
		};
		E0AF14761D02FC9200B742C7 /* Model */ = {
			isa = PBXGroup;
			children = (
				E0AF147D1D02FD0900B742C7 /* AudioPlayer.swift */,
				E0AF147F1D02FD3100B742C7 /* AudioRecorder.swift */,
				E0AF14811D03139700B742C7 /* TimerForRecordSoundVC.swift */,
			);
			name = Model;
			sourceTree = "<group>";
		};
		E0AF14771D02FC9700B742C7 /* View */ = {
			isa = PBXGroup;
			children = (
				E01C3F841CD4F27E00937FD7 /* Main.storyboard */,
				E01C3F891CD4F27E00937FD7 /* LaunchScreen.storyboard */,
			);
			name = View;
			sourceTree = "<group>";
		};
		E0AF14781D02FC9A00B742C7 /* Controller */ = {
			isa = PBXGroup;
			children = (
				E01C3F921CD531D000937FD7 /* PlaySoundsViewController.swift */,
				E01C3F821CD4F27E00937FD7 /* RecordSoundViewController.swift */,
			);
			name = Controller;
			sourceTree = "<group>";
		};
/* End PBXGroup section */

/* Begin PBXNativeTarget section */
		E01C3F7C1CD4F27E00937FD7 /* pitch-perfect */ = {
			isa = PBXNativeTarget;
			buildConfigurationList = E01C3F8F1CD4F27E00937FD7 /* Build configuration list for PBXNativeTarget "pitch-perfect" */;
			buildPhases = (
				E01C3F791CD4F27E00937FD7 /* Sources */,
				E01C3F7A1CD4F27E00937FD7 /* Frameworks */,
				E01C3F7B1CD4F27E00937FD7 /* Resources */,
			);
			buildRules = (
			);
			dependencies = (
			);
			name = "pitch-perfect";
			productName = "pitch-perfect";
			productReference = E01C3F7D1CD4F27E00937FD7 /* pitch-perfect.app */;
			productType = "com.apple.product-type.application";
		};
/* End PBXNativeTarget section */

/* Begin PBXProject section */
		E01C3F751CD4F27D00937FD7 /* Project object */ = {
			isa = PBXProject;
			attributes = {
				LastSwiftUpdateCheck = 0730;
				LastUpgradeCheck = 0730;
				ORGANIZATIONNAME = "Amadeu Andrade";
				TargetAttributes = {
					E01C3F7C1CD4F27E00937FD7 = {
						CreatedOnToolsVersion = 7.3;
					};
				};
			};
			buildConfigurationList = E01C3F781CD4F27D00937FD7 /* Build configuration list for PBXProject "pitch-perfect" */;
			compatibilityVersion = "Xcode 3.2";
			developmentRegion = English;
			hasScannedForEncodings = 0;
			knownRegions = (
				en,
				Base,
			);
			mainGroup = E01C3F741CD4F27D00937FD7;
			productRefGroup = E01C3F7E1CD4F27E00937FD7 /* Products */;
			projectDirPath = "";
			projectRoot = "";
			targets = (
				E01C3F7C1CD4F27E00937FD7 /* pitch-perfect */,
			);
		};
/* End PBXProject section */

/* Begin PBXResourcesBuildPhase section */
		E01C3F7B1CD4F27E00937FD7 /* Resources */ = {
			isa = PBXResourcesBuildPhase;
			buildActionMask = 2147483647;
			files = (
				E01C3F8B1CD4F27E00937FD7 /* LaunchScreen.storyboard in Resources */,
				E01FA5131CDF5C6F00F58E28 /* SketchRockwell-Bold.ttf in Resources */,
				E01C3F881CD4F27E00937FD7 /* Assets.xcassets in Resources */,
				E01C3F861CD4F27E00937FD7 /* Main.storyboard in Resources */,
			);
			runOnlyForDeploymentPostprocessing = 0;
		};
/* End PBXResourcesBuildPhase section */

/* Begin PBXSourcesBuildPhase section */
		E01C3F791CD4F27E00937FD7 /* Sources */ = {
			isa = PBXSourcesBuildPhase;
			buildActionMask = 2147483647;
			files = (
				E01C3F831CD4F27E00937FD7 /* RecordSoundViewController.swift in Sources */,
				E0AF147A1D02FCBB00B742C7 /* UtilOthers.swift in Sources */,
				E0AF147E1D02FD0900B742C7 /* AudioPlayer.swift in Sources */,
				E0AF14801D02FD3100B742C7 /* AudioRecorder.swift in Sources */,
				E0AF14821D03139700B742C7 /* TimerForRecordSoundVC.swift in Sources */,
				E01C3F931CD531D000937FD7 /* PlaySoundsViewController.swift in Sources */,
				E0AF147C1D02FCDC00B742C7 /* UtilAlerts.swift in Sources */,
				E01C3F811CD4F27E00937FD7 /* AppDelegate.swift in Sources */,
			);
			runOnlyForDeploymentPostprocessing = 0;
		};
/* End PBXSourcesBuildPhase section */

/* Begin PBXVariantGroup section */
		E01C3F841CD4F27E00937FD7 /* Main.storyboard */ = {
			isa = PBXVariantGroup;
			children = (
				E01C3F851CD4F27E00937FD7 /* Base */,
			);
			name = Main.storyboard;
			sourceTree = "<group>";
		};
		E01C3F891CD4F27E00937FD7 /* LaunchScreen.storyboard */ = {
			isa = PBXVariantGroup;
			children = (
				E01C3F8A1CD4F27E00937FD7 /* Base */,
			);
			name = LaunchScreen.storyboard;
			sourceTree = "<group>";
		};
/* End PBXVariantGroup section */

/* Begin XCBuildConfiguration section */
		E01C3F8D1CD4F27E00937FD7 /* Debug */ = {
			isa = XCBuildConfiguration;
			buildSettings = {
				ALWAYS_SEARCH_USER_PATHS = NO;
				CLANG_ANALYZER_NONNULL = YES;
				CLANG_CXX_LANGUAGE_STANDARD = "gnu++0x";
				CLANG_CXX_LIBRARY = "libc++";
				CLANG_ENABLE_MODULES = YES;
				CLANG_ENABLE_OBJC_ARC = YES;
				CLANG_WARN_BOOL_CONVERSION = YES;
				CLANG_WARN_CONSTANT_CONVERSION = YES;
				CLANG_WARN_DIRECT_OBJC_ISA_USAGE = YES_ERROR;
				CLANG_WARN_EMPTY_BODY = YES;
				CLANG_WARN_ENUM_CONVERSION = YES;
				CLANG_WARN_INT_CONVERSION = YES;
				CLANG_WARN_OBJC_ROOT_CLASS = YES_ERROR;
				CLANG_WARN_UNREACHABLE_CODE = YES;
				CLANG_WARN__DUPLICATE_METHOD_MATCH = YES;
				"CODE_SIGN_IDENTITY[sdk=iphoneos*]" = "iPhone Developer";
				COPY_PHASE_STRIP = NO;
				DEBUG_INFORMATION_FORMAT = dwarf;
				ENABLE_STRICT_OBJC_MSGSEND = YES;
				ENABLE_TESTABILITY = YES;
				GCC_C_LANGUAGE_STANDARD = gnu99;
				GCC_DYNAMIC_NO_PIC = NO;
				GCC_NO_COMMON_BLOCKS = YES;
				GCC_OPTIMIZATION_LEVEL = 0;
				GCC_PREPROCESSOR_DEFINITIONS = (
					"DEBUG=1",
					"$(inherited)",
				);
				GCC_WARN_64_TO_32_BIT_CONVERSION = YES;
				GCC_WARN_ABOUT_RETURN_TYPE = YES_ERROR;
				GCC_WARN_UNDECLARED_SELECTOR = YES;
				GCC_WARN_UNINITIALIZED_AUTOS = YES_AGGRESSIVE;
				GCC_WARN_UNUSED_FUNCTION = YES;
				GCC_WARN_UNUSED_VARIABLE = YES;
				IPHONEOS_DEPLOYMENT_TARGET = 9.3;
				MTL_ENABLE_DEBUG_INFO = YES;
				ONLY_ACTIVE_ARCH = YES;
				SDKROOT = iphoneos;
				SWIFT_OPTIMIZATION_LEVEL = "-Onone";
				TARGETED_DEVICE_FAMILY = "1,2";
			};
			name = Debug;
		};
		E01C3F8E1CD4F27E00937FD7 /* Release */ = {
			isa = XCBuildConfiguration;
			buildSettings = {
				ALWAYS_SEARCH_USER_PATHS = NO;
				CLANG_ANALYZER_NONNULL = YES;
				CLANG_CXX_LANGUAGE_STANDARD = "gnu++0x";
				CLANG_CXX_LIBRARY = "libc++";
				CLANG_ENABLE_MODULES = YES;
				CLANG_ENABLE_OBJC_ARC = YES;
				CLANG_WARN_BOOL_CONVERSION = YES;
				CLANG_WARN_CONSTANT_CONVERSION = YES;
				CLANG_WARN_DIRECT_OBJC_ISA_USAGE = YES_ERROR;
				CLANG_WARN_EMPTY_BODY = YES;
				CLANG_WARN_ENUM_CONVERSION = YES;
				CLANG_WARN_INT_CONVERSION = YES;
				CLANG_WARN_OBJC_ROOT_CLASS = YES_ERROR;
				CLANG_WARN_UNREACHABLE_CODE = YES;
				CLANG_WARN__DUPLICATE_METHOD_MATCH = YES;
				"CODE_SIGN_IDENTITY[sdk=iphoneos*]" = "iPhone Developer";
				COPY_PHASE_STRIP = NO;
				DEBUG_INFORMATION_FORMAT = "dwarf-with-dsym";
				ENABLE_NS_ASSERTIONS = NO;
				ENABLE_STRICT_OBJC_MSGSEND = YES;
				GCC_C_LANGUAGE_STANDARD = gnu99;
				GCC_NO_COMMON_BLOCKS = YES;
				GCC_WARN_64_TO_32_BIT_CONVERSION = YES;
				GCC_WARN_ABOUT_RETURN_TYPE = YES_ERROR;
				GCC_WARN_UNDECLARED_SELECTOR = YES;
				GCC_WARN_UNINITIALIZED_AUTOS = YES_AGGRESSIVE;
				GCC_WARN_UNUSED_FUNCTION = YES;
				GCC_WARN_UNUSED_VARIABLE = YES;
				IPHONEOS_DEPLOYMENT_TARGET = 9.3;
				MTL_ENABLE_DEBUG_INFO = NO;
				SDKROOT = iphoneos;
				TARGETED_DEVICE_FAMILY = "1,2";
				VALIDATE_PRODUCT = YES;
			};
			name = Release;
		};
		E01C3F901CD4F27E00937FD7 /* Debug */ = {
			isa = XCBuildConfiguration;
			buildSettings = {
				ASSETCATALOG_COMPILER_APPICON_NAME = AppIcon;
				INFOPLIST_FILE = "pitch-perfect/Info.plist";
				LD_RUNPATH_SEARCH_PATHS = "$(inherited) @executable_path/Frameworks";
				PRODUCT_BUNDLE_IDENTIFIER = "amadeujandrade.pitch-perfect";
				PRODUCT_NAME = "$(TARGET_NAME)";
			};
			name = Debug;
		};
		E01C3F911CD4F27E00937FD7 /* Release */ = {
			isa = XCBuildConfiguration;
			buildSettings = {
				ASSETCATALOG_COMPILER_APPICON_NAME = AppIcon;
				INFOPLIST_FILE = "pitch-perfect/Info.plist";
				LD_RUNPATH_SEARCH_PATHS = "$(inherited) @executable_path/Frameworks";
				PRODUCT_BUNDLE_IDENTIFIER = "amadeujandrade.pitch-perfect";
				PRODUCT_NAME = "$(TARGET_NAME)";
			};
			name = Release;
		};
/* End XCBuildConfiguration section */

/* Begin XCConfigurationList section */
		E01C3F781CD4F27D00937FD7 /* Build configuration list for PBXProject "pitch-perfect" */ = {
			isa = XCConfigurationList;
			buildConfigurations = (
				E01C3F8D1CD4F27E00937FD7 /* Debug */,
				E01C3F8E1CD4F27E00937FD7 /* Release */,
			);
			defaultConfigurationIsVisible = 0;
			defaultConfigurationName = Release;
		};
		E01C3F8F1CD4F27E00937FD7 /* Build configuration list for PBXNativeTarget "pitch-perfect" */ = {
			isa = XCConfigurationList;
			buildConfigurations = (
				E01C3F901CD4F27E00937FD7 /* Debug */,
				E01C3F911CD4F27E00937FD7 /* Release */,
			);
			defaultConfigurationIsVisible = 0;
			defaultConfigurationName = Release;
		};
/* End XCConfigurationList section */
	};
	rootObject = E01C3F751CD4F27D00937FD7 /* Project object */;
}
